
Microsoft Visual Studio Solution File, Format Version 12.00
# Visual Studio 14
VisualStudioVersion = 14.0.24720.0
MinimumVisualStudioVersion = 10.0.40219.1
Project("{FAE04EC0-301F-11D3-BF4B-00C04F79EFBC}") = "AccountOwnership", "AccountOwnership\AccountOwnership.csproj", "{C8C123AA-2E3E-4EB6-B543-735907D6BD28}"
EndProject
Global
	GlobalSection(SolutionConfigurationPlatforms) = preSolution
		Debug|Any CPU = Debug|Any CPU
		Release|Any CPU = Release|Any CPU
	EndGlobalSection
	GlobalSection(ProjectConfigurationPlatforms) = postSolution
		{C8C123AA-2E3E-4EB6-B543-735907D6BD28}.Debug|Any CPU.ActiveCfg = Debug|Any CPU
		{C8C123AA-2E3E-4EB6-B543-735907D6BD28}.Debug|Any CPU.Build.0 = Debug|Any CPU
		{C8C123AA-2E3E-4EB6-B543-735907D6BD28}.Release|Any CPU.ActiveCfg = Release|Any CPU
		{C8C123AA-2E3E-4EB6-B543-735907D6BD28}.Release|Any CPU.Build.0 = Release|Any CPU
	EndGlobalSection
	GlobalSection(SolutionProperties) = preSolution
		HideSolutionNode = FALSE
	EndGlobalSection
EndGlobal
